// !$*UTF8*$!
{
	archiveVersion = 1;
	classes = {
	};
	objectVersion = 56;
	objects = {

/* Begin PBXBuildFile section */
		6B3E12CB2CBD641F00E739D0 /* ContentView.swift in Sources */ = {isa = PBXBuildFile; fileRef = 6B3E12C52CBD63E100E739D0 /* ContentView.swift */; };
		6B3E12CC2CBD642900E739D0 /* Persistence.swift in Sources */ = {isa = PBXBuildFile; fileRef = 6B3E12C82CBD63E100E739D0 /* Persistence.swift */; };
		6B3E12CD2CBD642B00E739D0 /* grailed_widgetsApp.swift in Sources */ = {isa = PBXBuildFile; fileRef = 6B3E12C72CBD63E100E739D0 /* grailed_widgetsApp.swift */; };
		6B3E12CE2CBD642E00E739D0 /* grailed_widgets.xcdatamodeld in Sources */ = {isa = PBXBuildFile; fileRef = 6B3E12C62CBD63E100E739D0 /* grailed_widgets.xcdatamodeld */; };
		6B3E12CF2CBD643100E739D0 /* Assets.xcassets in Resources */ = {isa = PBXBuildFile; fileRef = 6B3E12C42CBD63E100E739D0 /* Assets.xcassets */; };
		6B8EB5AB2CBD62AE001BA6EA /* WidgetKit.framework in Frameworks */ = {isa = PBXBuildFile; fileRef = 6B8EB5AA2CBD62AE001BA6EA /* WidgetKit.framework */; };
		6B8EB5AD2CBD62AE001BA6EA /* SwiftUI.framework in Frameworks */ = {isa = PBXBuildFile; fileRef = 6B8EB5AC2CBD62AE001BA6EA /* SwiftUI.framework */; };
		6B8EB5B02CBD62AE001BA6EA /* widgetsBundle.swift in Sources */ = {isa = PBXBuildFile; fileRef = 6B8EB5AF2CBD62AE001BA6EA /* widgetsBundle.swift */; };
		6B8EB5B22CBD62AE001BA6EA /* widgetsLiveActivity.swift in Sources */ = {isa = PBXBuildFile; fileRef = 6B8EB5B12CBD62AE001BA6EA /* widgetsLiveActivity.swift */; };
		6B8EB5B42CBD62AE001BA6EA /* widgets.swift in Sources */ = {isa = PBXBuildFile; fileRef = 6B8EB5B32CBD62AE001BA6EA /* widgets.swift */; };
		6B8EB5B62CBD62AE001BA6EA /* AppIntent.swift in Sources */ = {isa = PBXBuildFile; fileRef = 6B8EB5B52CBD62AE001BA6EA /* AppIntent.swift */; };
		6B8EB5B82CBD62B0001BA6EA /* Assets.xcassets in Resources */ = {isa = PBXBuildFile; fileRef = 6B8EB5B72CBD62B0001BA6EA /* Assets.xcassets */; };
		6B8EB5BC2CBD62B0001BA6EA /* widgetsExtension.appex in Embed Foundation Extensions */ = {isa = PBXBuildFile; fileRef = 6B8EB5A82CBD62AE001BA6EA /* widgetsExtension.appex */; settings = {ATTRIBUTES = (RemoveHeadersOnCopy, ); }; };
/* End PBXBuildFile section */

/* Begin PBXContainerItemProxy section */
		6B8EB5BA2CBD62B0001BA6EA /* PBXContainerItemProxy */ = {
			isa = PBXContainerItemProxy;
			containerPortal = 6B8EB5712CBC53F3001BA6EA /* Project object */;
			proxyType = 1;
			remoteGlobalIDString = 6B8EB5A72CBD62AE001BA6EA;
			remoteInfo = widgetsExtension;
		};
/* End PBXContainerItemProxy section */

/* Begin PBXCopyFilesBuildPhase section */
		6B8EB5C02CBD62B0001BA6EA /* Embed Foundation Extensions */ = {
			isa = PBXCopyFilesBuildPhase;
			buildActionMask = 2147483647;
			dstPath = "";
			dstSubfolderSpec = 13;
			files = (
				6B8EB5BC2CBD62B0001BA6EA /* widgetsExtension.appex in Embed Foundation Extensions */,
			);
			name = "Embed Foundation Extensions";
			runOnlyForDeploymentPostprocessing = 0;
		};
/* End PBXCopyFilesBuildPhase section */

/* Begin PBXFileReference section */
		6B3E12C22CBD63E100E739D0 /* Preview Assets.xcassets */ = {isa = PBXFileReference; lastKnownFileType = folder.assetcatalog; path = "Preview Assets.xcassets"; sourceTree = "<group>"; };
		6B3E12C42CBD63E100E739D0 /* Assets.xcassets */ = {isa = PBXFileReference; lastKnownFileType = folder.assetcatalog; path = Assets.xcassets; sourceTree = "<group>"; };
		6B3E12C52CBD63E100E739D0 /* ContentView.swift */ = {isa = PBXFileReference; lastKnownFileType = sourcecode.swift; path = ContentView.swift; sourceTree = "<group>"; };
		6B3E12C72CBD63E100E739D0 /* grailed_widgetsApp.swift */ = {isa = PBXFileReference; lastKnownFileType = sourcecode.swift; path = grailed_widgetsApp.swift; sourceTree = "<group>"; };
		6B3E12C82CBD63E100E739D0 /* Persistence.swift */ = {isa = PBXFileReference; lastKnownFileType = sourcecode.swift; path = Persistence.swift; sourceTree = "<group>"; };
		6B3E12CA2CBD63E100E739D0 /* grailed_widgets.xcdatamodel */ = {isa = PBXFileReference; lastKnownFileType = wrapper.xcdatamodel; path = grailed_widgets.xcdatamodel; sourceTree = "<group>"; };
		6B8EB5792CBC53F3001BA6EA /* app.app */ = {isa = PBXFileReference; explicitFileType = wrapper.application; includeInIndex = 0; path = app.app; sourceTree = BUILT_PRODUCTS_DIR; };
		6B8EB5A82CBD62AE001BA6EA /* widgetsExtension.appex */ = {isa = PBXFileReference; explicitFileType = "wrapper.app-extension"; includeInIndex = 0; path = widgetsExtension.appex; sourceTree = BUILT_PRODUCTS_DIR; };
		6B8EB5AA2CBD62AE001BA6EA /* WidgetKit.framework */ = {isa = PBXFileReference; lastKnownFileType = wrapper.framework; name = WidgetKit.framework; path = System/Library/Frameworks/WidgetKit.framework; sourceTree = SDKROOT; };
		6B8EB5AC2CBD62AE001BA6EA /* SwiftUI.framework */ = {isa = PBXFileReference; lastKnownFileType = wrapper.framework; name = SwiftUI.framework; path = System/Library/Frameworks/SwiftUI.framework; sourceTree = SDKROOT; };
		6B8EB5AF2CBD62AE001BA6EA /* widgetsBundle.swift */ = {isa = PBXFileReference; lastKnownFileType = sourcecode.swift; path = widgetsBundle.swift; sourceTree = "<group>"; };
		6B8EB5B12CBD62AE001BA6EA /* widgetsLiveActivity.swift */ = {isa = PBXFileReference; lastKnownFileType = sourcecode.swift; path = widgetsLiveActivity.swift; sourceTree = "<group>"; };
		6B8EB5B32CBD62AE001BA6EA /* widgets.swift */ = {isa = PBXFileReference; lastKnownFileType = sourcecode.swift; path = widgets.swift; sourceTree = "<group>"; };
		6B8EB5B52CBD62AE001BA6EA /* AppIntent.swift */ = {isa = PBXFileReference; lastKnownFileType = sourcecode.swift; path = AppIntent.swift; sourceTree = "<group>"; };
		6B8EB5B72CBD62B0001BA6EA /* Assets.xcassets */ = {isa = PBXFileReference; lastKnownFileType = folder.assetcatalog; path = Assets.xcassets; sourceTree = "<group>"; };
		6B8EB5B92CBD62B0001BA6EA /* Info.plist */ = {isa = PBXFileReference; lastKnownFileType = text.plist.xml; path = Info.plist; sourceTree = "<group>"; };
/* End PBXFileReference section */

/* Begin PBXFrameworksBuildPhase section */
		6B8EB5762CBC53F3001BA6EA /* Frameworks */ = {
			isa = PBXFrameworksBuildPhase;
			buildActionMask = 2147483647;
			files = (
			);
			runOnlyForDeploymentPostprocessing = 0;
		};
		6B8EB5A52CBD62AE001BA6EA /* Frameworks */ = {
			isa = PBXFrameworksBuildPhase;
			buildActionMask = 2147483647;
			files = (
				6B8EB5AD2CBD62AE001BA6EA /* SwiftUI.framework in Frameworks */,
				6B8EB5AB2CBD62AE001BA6EA /* WidgetKit.framework in Frameworks */,
			);
			runOnlyForDeploymentPostprocessing = 0;
		};
/* End PBXFrameworksBuildPhase section */

/* Begin PBXGroup section */
		6B3E12C32CBD63E100E739D0 /* Preview Content */ = {
			isa = PBXGroup;
			children = (
				6B3E12C22CBD63E100E739D0 /* Preview Assets.xcassets */,
			);
			path = "Preview Content";
			sourceTree = "<group>";
		};
		6B3E12C92CBD63E100E739D0 /* app */ = {
			isa = PBXGroup;
			children = (
				6B3E12C32CBD63E100E739D0 /* Preview Content */,
				6B3E12C42CBD63E100E739D0 /* Assets.xcassets */,
				6B3E12C52CBD63E100E739D0 /* ContentView.swift */,
				6B3E12C62CBD63E100E739D0 /* grailed_widgets.xcdatamodeld */,
				6B3E12C72CBD63E100E739D0 /* grailed_widgetsApp.swift */,
				6B3E12C82CBD63E100E739D0 /* Persistence.swift */,
			);
			path = app;
			sourceTree = "<group>";
		};
		6B8EB5702CBC53F3001BA6EA = {
			isa = PBXGroup;
			children = (
				6B3E12C92CBD63E100E739D0 /* app */,
				6B8EB5AE2CBD62AE001BA6EA /* widgets */,
				6B8EB5A92CBD62AE001BA6EA /* Frameworks */,
				6B8EB57A2CBC53F3001BA6EA /* Products */,
			);
			sourceTree = "<group>";
		};
		6B8EB57A2CBC53F3001BA6EA /* Products */ = {
			isa = PBXGroup;
			children = (
				6B8EB5792CBC53F3001BA6EA /* app.app */,
				6B8EB5A82CBD62AE001BA6EA /* widgetsExtension.appex */,
			);
			name = Products;
			sourceTree = "<group>";
		};
		6B8EB5A92CBD62AE001BA6EA /* Frameworks */ = {
			isa = PBXGroup;
			children = (
				6B8EB5AA2CBD62AE001BA6EA /* WidgetKit.framework */,
				6B8EB5AC2CBD62AE001BA6EA /* SwiftUI.framework */,
			);
			name = Frameworks;
			sourceTree = "<group>";
		};
		6B8EB5AE2CBD62AE001BA6EA /* widgets */ = {
			isa = PBXGroup;
			children = (
				6B8EB5AF2CBD62AE001BA6EA /* widgetsBundle.swift */,
				6B8EB5B12CBD62AE001BA6EA /* widgetsLiveActivity.swift */,
				6B8EB5B32CBD62AE001BA6EA /* widgets.swift */,
				6B8EB5B52CBD62AE001BA6EA /* AppIntent.swift */,
				6B8EB5B72CBD62B0001BA6EA /* Assets.xcassets */,
				6B8EB5B92CBD62B0001BA6EA /* Info.plist */,
			);
			path = widgets;
			sourceTree = "<group>";
		};
/* End PBXGroup section */

/* Begin PBXNativeTarget section */
		6B8EB5782CBC53F3001BA6EA /* app */ = {
			isa = PBXNativeTarget;
			buildConfigurationList = 6B8EB58C2CBC53F4001BA6EA /* Build configuration list for PBXNativeTarget "app" */;
			buildPhases = (
				6B8EB5752CBC53F3001BA6EA /* Sources */,
				6B8EB5762CBC53F3001BA6EA /* Frameworks */,
				6B8EB5772CBC53F3001BA6EA /* Resources */,
				6B8EB5C02CBD62B0001BA6EA /* Embed Foundation Extensions */,
			);
			buildRules = (
			);
			dependencies = (
				6B8EB5BB2CBD62B0001BA6EA /* PBXTargetDependency */,
			);
			name = app;
			productName = "grailed-widgets";
			productReference = 6B8EB5792CBC53F3001BA6EA /* app.app */;
			productType = "com.apple.product-type.application";
		};
		6B8EB5A72CBD62AE001BA6EA /* widgetsExtension */ = {
			isa = PBXNativeTarget;
			buildConfigurationList = 6B8EB5BD2CBD62B0001BA6EA /* Build configuration list for PBXNativeTarget "widgetsExtension" */;
			buildPhases = (
				6B8EB5A42CBD62AE001BA6EA /* Sources */,
				6B8EB5A52CBD62AE001BA6EA /* Frameworks */,
				6B8EB5A62CBD62AE001BA6EA /* Resources */,
			);
			buildRules = (
			);
			dependencies = (
			);
			name = widgetsExtension;
			productName = widgetsExtension;
			productReference = 6B8EB5A82CBD62AE001BA6EA /* widgetsExtension.appex */;
			productType = "com.apple.product-type.app-extension";
		};
/* End PBXNativeTarget section */

/* Begin PBXProject section */
		6B8EB5712CBC53F3001BA6EA /* Project object */ = {
			isa = PBXProject;
			attributes = {
				BuildIndependentTargetsInParallel = 1;
				LastSwiftUpdateCheck = 1540;
				LastUpgradeCheck = 1540;
				TargetAttributes = {
					6B8EB5782CBC53F3001BA6EA = {
						CreatedOnToolsVersion = 15.4;
					};
					6B8EB5A72CBD62AE001BA6EA = {
						CreatedOnToolsVersion = 15.4;
					};
				};
			};
			buildConfigurationList = 6B8EB5742CBC53F3001BA6EA /* Build configuration list for PBXProject "grailed-widgets" */;
			compatibilityVersion = "Xcode 14.0";
			developmentRegion = en;
			hasScannedForEncodings = 0;
			knownRegions = (
				en,
				Base,
			);
			mainGroup = 6B8EB5702CBC53F3001BA6EA;
			productRefGroup = 6B8EB57A2CBC53F3001BA6EA /* Products */;
			projectDirPath = "";
			projectRoot = "";
			targets = (
				6B8EB5782CBC53F3001BA6EA /* app */,
				6B8EB5A72CBD62AE001BA6EA /* widgetsExtension */,
			);
		};
/* End PBXProject section */

/* Begin PBXResourcesBuildPhase section */
		6B8EB5772CBC53F3001BA6EA /* Resources */ = {
			isa = PBXResourcesBuildPhase;
			buildActionMask = 2147483647;
			files = (
				6B3E12CF2CBD643100E739D0 /* Assets.xcassets in Resources */,
			);
			runOnlyForDeploymentPostprocessing = 0;
		};
		6B8EB5A62CBD62AE001BA6EA /* Resources */ = {
			isa = PBXResourcesBuildPhase;
			buildActionMask = 2147483647;
			files = (
				6B8EB5B82CBD62B0001BA6EA /* Assets.xcassets in Resources */,
			);
			runOnlyForDeploymentPostprocessing = 0;
		};
/* End PBXResourcesBuildPhase section */

/* Begin PBXSourcesBuildPhase section */
		6B8EB5752CBC53F3001BA6EA /* Sources */ = {
			isa = PBXSourcesBuildPhase;
			buildActionMask = 2147483647;
			files = (
				6B3E12CB2CBD641F00E739D0 /* ContentView.swift in Sources */,
				6B3E12CD2CBD642B00E739D0 /* grailed_widgetsApp.swift in Sources */,
				6B3E12CE2CBD642E00E739D0 /* grailed_widgets.xcdatamodeld in Sources */,
				6B3E12CC2CBD642900E739D0 /* Persistence.swift in Sources */,
			);
			runOnlyForDeploymentPostprocessing = 0;
		};
		6B8EB5A42CBD62AE001BA6EA /* Sources */ = {
			isa = PBXSourcesBuildPhase;
			buildActionMask = 2147483647;
			files = (
				6B8EB5B42CBD62AE001BA6EA /* widgets.swift in Sources */,
				6B8EB5B62CBD62AE001BA6EA /* AppIntent.swift in Sources */,
				6B8EB5B22CBD62AE001BA6EA /* widgetsLiveActivity.swift in Sources */,
				6B8EB5B02CBD62AE001BA6EA /* widgetsBundle.swift in Sources */,
			);
			runOnlyForDeploymentPostprocessing = 0;
		};
/* End PBXSourcesBuildPhase section */

/* Begin PBXTargetDependency section */
		6B8EB5BB2CBD62B0001BA6EA /* PBXTargetDependency */ = {
			isa = PBXTargetDependency;
			target = 6B8EB5A72CBD62AE001BA6EA /* widgetsExtension */;
			targetProxy = 6B8EB5BA2CBD62B0001BA6EA /* PBXContainerItemProxy */;
		};
/* End PBXTargetDependency section */

/* Begin XCBuildConfiguration section */
		6B8EB58A2CBC53F4001BA6EA /* Debug */ = {
			isa = XCBuildConfiguration;
			buildSettings = {
				ALWAYS_SEARCH_USER_PATHS = NO;
				ASSETCATALOG_COMPILER_GENERATE_SWIFT_ASSET_SYMBOL_EXTENSIONS = YES;
				CLANG_ANALYZER_NONNULL = YES;
				CLANG_ANALYZER_NUMBER_OBJECT_CONVERSION = YES_AGGRESSIVE;
				CLANG_CXX_LANGUAGE_STANDARD = "gnu++20";
				CLANG_ENABLE_MODULES = YES;
				CLANG_ENABLE_OBJC_ARC = YES;
				CLANG_ENABLE_OBJC_WEAK = YES;
				CLANG_WARN_BLOCK_CAPTURE_AUTORELEASING = YES;
				CLANG_WARN_BOOL_CONVERSION = YES;
				CLANG_WARN_COMMA = YES;
				CLANG_WARN_CONSTANT_CONVERSION = YES;
				CLANG_WARN_DEPRECATED_OBJC_IMPLEMENTATIONS = YES;
				CLANG_WARN_DIRECT_OBJC_ISA_USAGE = YES_ERROR;
				CLANG_WARN_DOCUMENTATION_COMMENTS = YES;
				CLANG_WARN_EMPTY_BODY = YES;
				CLANG_WARN_ENUM_CONVERSION = YES;
				CLANG_WARN_INFINITE_RECURSION = YES;
				CLANG_WARN_INT_CONVERSION = YES;
				CLANG_WARN_NON_LITERAL_NULL_CONVERSION = YES;
				CLANG_WARN_OBJC_IMPLICIT_RETAIN_SELF = YES;
				CLANG_WARN_OBJC_LITERAL_CONVERSION = YES;
				CLANG_WARN_OBJC_ROOT_CLASS = YES_ERROR;
				CLANG_WARN_QUOTED_INCLUDE_IN_FRAMEWORK_HEADER = YES;
				CLANG_WARN_RANGE_LOOP_ANALYSIS = YES;
				CLANG_WARN_STRICT_PROTOTYPES = YES;
				CLANG_WARN_SUSPICIOUS_MOVE = YES;
				CLANG_WARN_UNGUARDED_AVAILABILITY = YES_AGGRESSIVE;
				CLANG_WARN_UNREACHABLE_CODE = YES;
				CLANG_WARN__DUPLICATE_METHOD_MATCH = YES;
				COPY_PHASE_STRIP = NO;
				DEBUG_INFORMATION_FORMAT = dwarf;
				ENABLE_STRICT_OBJC_MSGSEND = YES;
				ENABLE_TESTABILITY = YES;
				ENABLE_USER_SCRIPT_SANDBOXING = YES;
				GCC_C_LANGUAGE_STANDARD = gnu17;
				GCC_DYNAMIC_NO_PIC = NO;
				GCC_NO_COMMON_BLOCKS = YES;
				GCC_OPTIMIZATION_LEVEL = 0;
				GCC_PREPROCESSOR_DEFINITIONS = (
					"DEBUG=1",
					"$(inherited)",
				);
				GCC_WARN_64_TO_32_BIT_CONVERSION = YES;
				GCC_WARN_ABOUT_RETURN_TYPE = YES_ERROR;
				GCC_WARN_UNDECLARED_SELECTOR = YES;
				GCC_WARN_UNINITIALIZED_AUTOS = YES_AGGRESSIVE;
				GCC_WARN_UNUSED_FUNCTION = YES;
				GCC_WARN_UNUSED_VARIABLE = YES;
				IPHONEOS_DEPLOYMENT_TARGET = 17.5;
				LOCALIZATION_PREFERS_STRING_CATALOGS = YES;
				MTL_ENABLE_DEBUG_INFO = INCLUDE_SOURCE;
				MTL_FAST_MATH = YES;
				ONLY_ACTIVE_ARCH = YES;
				SDKROOT = iphoneos;
				SWIFT_ACTIVE_COMPILATION_CONDITIONS = "DEBUG $(inherited)";
				SWIFT_OPTIMIZATION_LEVEL = "-Onone";
			};
			name = Debug;
		};
		6B8EB58B2CBC53F4001BA6EA /* Release */ = {
			isa = XCBuildConfiguration;
			buildSettings = {
				ALWAYS_SEARCH_USER_PATHS = NO;
				ASSETCATALOG_COMPILER_GENERATE_SWIFT_ASSET_SYMBOL_EXTENSIONS = YES;
				CLANG_ANALYZER_NONNULL = YES;
				CLANG_ANALYZER_NUMBER_OBJECT_CONVERSION = YES_AGGRESSIVE;
				CLANG_CXX_LANGUAGE_STANDARD = "gnu++20";
				CLANG_ENABLE_MODULES = YES;
				CLANG_ENABLE_OBJC_ARC = YES;
				CLANG_ENABLE_OBJC_WEAK = YES;
				CLANG_WARN_BLOCK_CAPTURE_AUTORELEASING = YES;
				CLANG_WARN_BOOL_CONVERSION = YES;
				CLANG_WARN_COMMA = YES;
				CLANG_WARN_CONSTANT_CONVERSION = YES;
				CLANG_WARN_DEPRECATED_OBJC_IMPLEMENTATIONS = YES;
				CLANG_WARN_DIRECT_OBJC_ISA_USAGE = YES_ERROR;
				CLANG_WARN_DOCUMENTATION_COMMENTS = YES;
				CLANG_WARN_EMPTY_BODY = YES;
				CLANG_WARN_ENUM_CONVERSION = YES;
				CLANG_WARN_INFINITE_RECURSION = YES;
				CLANG_WARN_INT_CONVERSION = YES;
				CLANG_WARN_NON_LITERAL_NULL_CONVERSION = YES;
				CLANG_WARN_OBJC_IMPLICIT_RETAIN_SELF = YES;
				CLANG_WARN_OBJC_LITERAL_CONVERSION = YES;
				CLANG_WARN_OBJC_ROOT_CLASS = YES_ERROR;
				CLANG_WARN_QUOTED_INCLUDE_IN_FRAMEWORK_HEADER = YES;
				CLANG_WARN_RANGE_LOOP_ANALYSIS = YES;
				CLANG_WARN_STRICT_PROTOTYPES = YES;
				CLANG_WARN_SUSPICIOUS_MOVE = YES;
				CLANG_WARN_UNGUARDED_AVAILABILITY = YES_AGGRESSIVE;
				CLANG_WARN_UNREACHABLE_CODE = YES;
				CLANG_WARN__DUPLICATE_METHOD_MATCH = YES;
				COPY_PHASE_STRIP = NO;
				DEBUG_INFORMATION_FORMAT = "dwarf-with-dsym";
				ENABLE_NS_ASSERTIONS = NO;
				ENABLE_STRICT_OBJC_MSGSEND = YES;
				ENABLE_USER_SCRIPT_SANDBOXING = YES;
				GCC_C_LANGUAGE_STANDARD = gnu17;
				GCC_NO_COMMON_BLOCKS = YES;
				GCC_WARN_64_TO_32_BIT_CONVERSION = YES;
				GCC_WARN_ABOUT_RETURN_TYPE = YES_ERROR;
				GCC_WARN_UNDECLARED_SELECTOR = YES;
				GCC_WARN_UNINITIALIZED_AUTOS = YES_AGGRESSIVE;
				GCC_WARN_UNUSED_FUNCTION = YES;
				GCC_WARN_UNUSED_VARIABLE = YES;
				IPHONEOS_DEPLOYMENT_TARGET = 17.5;
				LOCALIZATION_PREFERS_STRING_CATALOGS = YES;
				MTL_ENABLE_DEBUG_INFO = NO;
				MTL_FAST_MATH = YES;
				SDKROOT = iphoneos;
				SWIFT_COMPILATION_MODE = wholemodule;
				VALIDATE_PRODUCT = YES;
			};
			name = Release;
		};
		6B8EB58D2CBC53F4001BA6EA /* Debug */ = {
			isa = XCBuildConfiguration;
			buildSettings = {
				ALWAYS_EMBED_SWIFT_STANDARD_LIBRARIES = YES;
				ASSETCATALOG_COMPILER_APPICON_NAME = AppIcon;
				ASSETCATALOG_COMPILER_GLOBAL_ACCENT_COLOR_NAME = AccentColor;
				CODE_SIGN_STYLE = Automatic;
				CURRENT_PROJECT_VERSION = 1;
				DEVELOPMENT_ASSET_PATHS = "\"app/Preview Content\"";
				DEVELOPMENT_TEAM = RL5AB39466;
				ENABLE_PREVIEWS = YES;
				GENERATE_INFOPLIST_FILE = YES;
				INFOPLIST_KEY_UIApplicationSceneManifest_Generation = YES;
				INFOPLIST_KEY_UIApplicationSupportsIndirectInputEvents = YES;
				INFOPLIST_KEY_UILaunchScreen_Generation = YES;
				INFOPLIST_KEY_UISupportedInterfaceOrientations_iPad = "UIInterfaceOrientationPortrait UIInterfaceOrientationPortraitUpsideDown UIInterfaceOrientationLandscapeLeft UIInterfaceOrientationLandscapeRight";
				INFOPLIST_KEY_UISupportedInterfaceOrientations_iPhone = "UIInterfaceOrientationPortrait UIInterfaceOrientationLandscapeLeft UIInterfaceOrientationLandscapeRight";
				LD_RUNPATH_SEARCH_PATHS = (
					"$(inherited)",
					"@executable_path/Frameworks",
				);
				MARKETING_VERSION = 1.0;
				PRODUCT_BUNDLE_IDENTIFIER = "com.redacted.grailed-widgets";
				PRODUCT_NAME = "$(TARGET_NAME)";
				SWIFT_EMIT_LOC_STRINGS = YES;
				SWIFT_VERSION = 5.0;
				TARGETED_DEVICE_FAMILY = "1,2";
			};
			name = Debug;
		};
		6B8EB58E2CBC53F4001BA6EA /* Release */ = {
			isa = XCBuildConfiguration;
			buildSettings = {
				ALWAYS_EMBED_SWIFT_STANDARD_LIBRARIES = YES;
				ASSETCATALOG_COMPILER_APPICON_NAME = AppIcon;
				ASSETCATALOG_COMPILER_GLOBAL_ACCENT_COLOR_NAME = AccentColor;
				CODE_SIGN_STYLE = Automatic;
				CURRENT_PROJECT_VERSION = 1;
				DEVELOPMENT_ASSET_PATHS = "\"app/Preview Content\"";
				DEVELOPMENT_TEAM = RL5AB39466;
				ENABLE_PREVIEWS = YES;
				GENERATE_INFOPLIST_FILE = YES;
				INFOPLIST_KEY_UIApplicationSceneManifest_Generation = YES;
				INFOPLIST_KEY_UIApplicationSupportsIndirectInputEvents = YES;
				INFOPLIST_KEY_UILaunchScreen_Generation = YES;
				INFOPLIST_KEY_UISupportedInterfaceOrientations_iPad = "UIInterfaceOrientationPortrait UIInterfaceOrientationPortraitUpsideDown UIInterfaceOrientationLandscapeLeft UIInterfaceOrientationLandscapeRight";
				INFOPLIST_KEY_UISupportedInterfaceOrientations_iPhone = "UIInterfaceOrientationPortrait UIInterfaceOrientationLandscapeLeft UIInterfaceOrientationLandscapeRight";
				LD_RUNPATH_SEARCH_PATHS = (
					"$(inherited)",
					"@executable_path/Frameworks",
				);
				MARKETING_VERSION = 1.0;
				PRODUCT_BUNDLE_IDENTIFIER = "com.redacted.grailed-widgets";
				PRODUCT_NAME = "$(TARGET_NAME)";
				SWIFT_EMIT_LOC_STRINGS = YES;
				SWIFT_VERSION = 5.0;
				TARGETED_DEVICE_FAMILY = "1,2";
			};
			name = Release;
		};
		6B8EB5BE2CBD62B0001BA6EA /* Debug */ = {
			isa = XCBuildConfiguration;
			buildSettings = {
				ASSETCATALOG_COMPILER_GLOBAL_ACCENT_COLOR_NAME = AccentColor;
				ASSETCATALOG_COMPILER_WIDGET_BACKGROUND_COLOR_NAME = WidgetBackground;
				CODE_SIGN_STYLE = Automatic;
				CURRENT_PROJECT_VERSION = 1;
				DEVELOPMENT_TEAM = RL5AB39466;
				GENERATE_INFOPLIST_FILE = YES;
				INFOPLIST_FILE = widgets/Info.plist;
				INFOPLIST_KEY_CFBundleDisplayName = widgets;
				INFOPLIST_KEY_NSHumanReadableCopyright = "";
				LD_RUNPATH_SEARCH_PATHS = (
					"$(inherited)",
					"@executable_path/Frameworks",
					"@executable_path/../../Frameworks",
				);
				MARKETING_VERSION = 1.0;
				PRODUCT_BUNDLE_IDENTIFIER = "com.redacted.grailed-widgets.widgets";
				PRODUCT_NAME = "$(TARGET_NAME)";
				SKIP_INSTALL = YES;
				SWIFT_EMIT_LOC_STRINGS = YES;
				SWIFT_VERSION = 5.0;
				TARGETED_DEVICE_FAMILY = "1,2";
			};
			name = Debug;
		};
		6B8EB5BF2CBD62B0001BA6EA /* Release */ = {
			isa = XCBuildConfiguration;
			buildSettings = {
				ASSETCATALOG_COMPILER_GLOBAL_ACCENT_COLOR_NAME = AccentColor;
				ASSETCATALOG_COMPILER_WIDGET_BACKGROUND_COLOR_NAME = WidgetBackground;
				CODE_SIGN_STYLE = Automatic;
				CURRENT_PROJECT_VERSION = 1;
				DEVELOPMENT_TEAM = RL5AB39466;
				GENERATE_INFOPLIST_FILE = YES;
				INFOPLIST_FILE = widgets/Info.plist;
				INFOPLIST_KEY_CFBundleDisplayName = widgets;
				INFOPLIST_KEY_NSHumanReadableCopyright = "";
				LD_RUNPATH_SEARCH_PATHS = (
					"$(inherited)",
					"@executable_path/Frameworks",
					"@executable_path/../../Frameworks",
				);
				MARKETING_VERSION = 1.0;
				PRODUCT_BUNDLE_IDENTIFIER = "com.redacted.grailed-widgets.widgets";
				PRODUCT_NAME = "$(TARGET_NAME)";
				SKIP_INSTALL = YES;
				SWIFT_EMIT_LOC_STRINGS = YES;
				SWIFT_VERSION = 5.0;
				TARGETED_DEVICE_FAMILY = "1,2";
			};
			name = Release;
		};
/* End XCBuildConfiguration section */

/* Begin XCConfigurationList section */
		6B8EB5742CBC53F3001BA6EA /* Build configuration list for PBXProject "grailed-widgets" */ = {
			isa = XCConfigurationList;
			buildConfigurations = (
				6B8EB58A2CBC53F4001BA6EA /* Debug */,
				6B8EB58B2CBC53F4001BA6EA /* Release */,
			);
			defaultConfigurationIsVisible = 0;
			defaultConfigurationName = Release;
		};
		6B8EB58C2CBC53F4001BA6EA /* Build configuration list for PBXNativeTarget "app" */ = {
			isa = XCConfigurationList;
			buildConfigurations = (
				6B8EB58D2CBC53F4001BA6EA /* Debug */,
				6B8EB58E2CBC53F4001BA6EA /* Release */,
			);
			defaultConfigurationIsVisible = 0;
			defaultConfigurationName = Release;
		};
		6B8EB5BD2CBD62B0001BA6EA /* Build configuration list for PBXNativeTarget "widgetsExtension" */ = {
			isa = XCConfigurationList;
			buildConfigurations = (
				6B8EB5BE2CBD62B0001BA6EA /* Debug */,
				6B8EB5BF2CBD62B0001BA6EA /* Release */,
			);
			defaultConfigurationIsVisible = 0;
			defaultConfigurationName = Release;
		};
/* End XCConfigurationList section */

/* Begin XCVersionGroup section */
		6B3E12C62CBD63E100E739D0 /* grailed_widgets.xcdatamodeld */ = {
			isa = XCVersionGroup;
			children = (
				6B3E12CA2CBD63E100E739D0 /* grailed_widgets.xcdatamodel */,
			);
			currentVersion = 6B3E12CA2CBD63E100E739D0 /* grailed_widgets.xcdatamodel */;
			name = grailed_widgets.xcdatamodeld;
			path = "/Users/arronstothart/Documents/Misc Projects/grailed-widgets/app/grailed_widgets.xcdatamodeld";
			sourceTree = "<group>";
			versionGroupType = wrapper.xcdatamodel;
		};
/* End XCVersionGroup section */
	};
	rootObject = 6B8EB5712CBC53F3001BA6EA /* Project object */;
}
